// !$*UTF8*$!
{
	archiveVersion = 1;
	classes = {
	};
	objectVersion = 48;
	objects = {

/* Begin PBXAggregateTarget section */
		417A58FD204E728200E1243B /* SwiftLint */ = {
			isa = PBXAggregateTarget;
			buildConfigurationList = 417A5951204E728200E1243B /* Build configuration list for PBXAggregateTarget "SwiftLint" */;
			buildPhases = (
				417A58FC204E728200E1243B /* ShellScript */,
			);
			dependencies = (
			);
			name = SwiftLint;
			productName = SwiftLint;
		};
/* End PBXAggregateTarget section */

/* Begin PBXBuildFile section */
		11EB46134C6F89EAAFBB2147 /* Pods_ISS_Passes.framework in Frameworks */ = {isa = PBXBuildFile; fileRef = FCB65B3B48F66CB497BDFD40 /* Pods_ISS_Passes.framework */; };
		413EE1FC204E8DF000A90825 /* CoreLocation.framework in Frameworks */ = {isa = PBXBuildFile; fileRef = 417A595A204E7F5A00E1243B /* CoreLocation.framework */; };
		417A58FB204E728200E1243B /* UIKit.framework in Frameworks */ = {isa = PBXBuildFile; fileRef = 417A58FA204E728200E1243B /* UIKit.framework */; };
		417A5904204E728200E1243B /* Localizable.strings in Resources */ = {isa = PBXBuildFile; fileRef = 417A5902204E728200E1243B /* Localizable.strings */; };
		417A5908204E728200E1243B /* Main.storyboard in Resources */ = {isa = PBXBuildFile; fileRef = 417A5907204E728200E1243B /* Main.storyboard */; };
		417A590C204E728200E1243B /* Settings.bundle in Resources */ = {isa = PBXBuildFile; fileRef = 417A590B204E728200E1243B /* Settings.bundle */; };
		417A590E204E728200E1243B /* authentication.json in Resources */ = {isa = PBXBuildFile; fileRef = 417A590D204E728200E1243B /* authentication.json */; };
		417A5912204E728200E1243B /* Authentication+Utilities.swift in Sources */ = {isa = PBXBuildFile; fileRef = 417A5911204E728200E1243B /* Authentication+Utilities.swift */; };
		417A5914204E728200E1243B /* AuthenticationController.swift in Sources */ = {isa = PBXBuildFile; fileRef = 417A5913204E728200E1243B /* AuthenticationController.swift */; };
		417A5916204E728200E1243B /* AuthenticationControllerDelegate.swift in Sources */ = {isa = PBXBuildFile; fileRef = 417A5915204E728200E1243B /* AuthenticationControllerDelegate.swift */; };
		417A5918204E728200E1243B /* Authenticator.swift in Sources */ = {isa = PBXBuildFile; fileRef = 417A5917204E728200E1243B /* Authenticator.swift */; };
		417A591B204E728200E1243B /* AppSettings.swift in Sources */ = {isa = PBXBuildFile; fileRef = 417A591A204E728200E1243B /* AppSettings.swift */; };
		417A591D204E728200E1243B /* NSBundle+Utilities.swift in Sources */ = {isa = PBXBuildFile; fileRef = 417A591C204E728200E1243B /* NSBundle+Utilities.swift */; };
		417A591F204E728200E1243B /* StyleKit.swift in Sources */ = {isa = PBXBuildFile; fileRef = 417A591E204E728200E1243B /* StyleKit.swift */; };
		417A5921204E728200E1243B /* UIViewController+Utilities.swift in Sources */ = {isa = PBXBuildFile; fileRef = 417A5920204E728200E1243B /* UIViewController+Utilities.swift */; };
		417A5924204E728200E1243B /* DataSourceManager+AppSpecific.swift in Sources */ = {isa = PBXBuildFile; fileRef = 417A5923204E728200E1243B /* DataSourceManager+AppSpecific.swift */; };
		417A5926204E728200E1243B /* Request.swift in Sources */ = {isa = PBXBuildFile; fileRef = 417A5925204E728200E1243B /* Request.swift */; };
		417A5928204E728200E1243B /* LocalServer.swift in Sources */ = {isa = PBXBuildFile; fileRef = 417A5927204E728200E1243B /* LocalServer.swift */; };
		417A592B204E728200E1243B /* AppDelegate.swift in Sources */ = {isa = PBXBuildFile; fileRef = 417A592A204E728200E1243B /* AppDelegate.swift */; };
		417A592D204E728200E1243B /* ViewController.swift in Sources */ = {isa = PBXBuildFile; fileRef = 417A592C204E728200E1243B /* ViewController.swift */; };
		417A5930204E728200E1243B /* LaunchScreen.storyboard in Resources */ = {isa = PBXBuildFile; fileRef = 417A592F204E728200E1243B /* LaunchScreen.storyboard */; };
		417A5932204E728200E1243B /* Assets.xcassets in Resources */ = {isa = PBXBuildFile; fileRef = 417A5931204E728200E1243B /* Assets.xcassets */; };
		417A5935204E728200E1243B /* InstanceCounter.swift in Sources */ = {isa = PBXBuildFile; fileRef = 417A5934204E728200E1243B /* InstanceCounter.swift */; };
		417A5937204E728200E1243B /* Schedule+NSTimer.swift in Sources */ = {isa = PBXBuildFile; fileRef = 417A5936204E728200E1243B /* Schedule+NSTimer.swift */; };
		417A593F204E728200E1243B /* AuthenticationTests.swift in Sources */ = {isa = PBXBuildFile; fileRef = 417A593E204E728200E1243B /* AuthenticationTests.swift */; };
		417A5941204E728200E1243B /* NetworkingTests.swift in Sources */ = {isa = PBXBuildFile; fileRef = 417A5940204E728200E1243B /* NetworkingTests.swift */; };
		417A594A204E728200E1243B /* UITests.swift in Sources */ = {isa = PBXBuildFile; fileRef = 417A5949204E728200E1243B /* UITests.swift */; };
		41A63863051887354A0F85A8 /* Pods_ISS_PassesTests.framework in Frameworks */ = {isa = PBXBuildFile; fileRef = 8A7A9997EB79466C96490C7C /* Pods_ISS_PassesTests.framework */; };
		41BD2381204EBEFA00619CCF /* Pass.swift in Sources */ = {isa = PBXBuildFile; fileRef = 41BD2380204EBEFA00619CCF /* Pass.swift */; };
		41BD2383204ECD6900619CCF /* PassesTableviewCell.swift in Sources */ = {isa = PBXBuildFile; fileRef = 41BD2382204ECD6900619CCF /* PassesTableviewCell.swift */; };
		C3D561BDEEC27A675C8BDEAD /* Pods_ISS_PassesUITests.framework in Frameworks */ = {isa = PBXBuildFile; fileRef = 5886F22B3FC519E92C43BB1F /* Pods_ISS_PassesUITests.framework */; };
/* End PBXBuildFile section */

/* Begin PBXFileReference section */
		417A58F7204E728200E1243B /* ISS-Passes.app */ = {isa = PBXFileReference; explicitFileType = wrapper.application; includeInIndex = 0; path = "ISS-Passes.app"; sourceTree = BUILT_PRODUCTS_DIR; };
		417A58FA204E728200E1243B /* UIKit.framework */ = {isa = PBXFileReference; lastKnownFileType = wrapper.framework; name = UIKit.framework; path = System/Library/Frameworks/UIKit.framework; sourceTree = SDKROOT; };
		417A58FF204E728200E1243B /* .gitignore */ = {isa = PBXFileReference; lastKnownFileType = text; name = .gitignore; path = ../.gitignore; sourceTree = "<group>"; };
		417A5903204E728200E1243B /* en */ = {isa = PBXFileReference; lastKnownFileType = text.plist.strings; name = en; path = Resources/Language/en.lproj/Localizable.strings; sourceTree = "<group>"; };
		417A5905204E728200E1243B /* pt */ = {isa = PBXFileReference; lastKnownFileType = text.plist.strings; name = pt; path = Resources/Language/pt.lproj/Localizable.strings; sourceTree = "<group>"; };
		417A5907204E728200E1243B /* Main.storyboard */ = {isa = PBXFileReference; lastKnownFileType = file.storyboard; name = Main.storyboard; path = Resources/Interfaces/Main.storyboard; sourceTree = "<group>"; };
		417A590A204E728200E1243B /* Info.plist */ = {isa = PBXFileReference; lastKnownFileType = text.plist.xml; name = Info.plist; path = "Resources/Supporting Files/Info.plist"; sourceTree = "<group>"; };
		417A590B204E728200E1243B /* Settings.bundle */ = {isa = PBXFileReference; lastKnownFileType = "wrapper.plug-in"; name = Settings.bundle; path = "Resources/Supporting Files/Settings.bundle"; sourceTree = "<group>"; };
		417A590D204E728200E1243B /* authentication.json */ = {isa = PBXFileReference; lastKnownFileType = text.json; name = authentication.json; path = "Resources/Supporting Files/authentication.json"; sourceTree = "<group>"; };
		417A5911204E728200E1243B /* Authentication+Utilities.swift */ = {isa = PBXFileReference; lastKnownFileType = sourcecode.swift; name = "Authentication+Utilities.swift"; path = "Sources/Authentication/Authentication+Utilities.swift"; sourceTree = "<group>"; };
		417A5913204E728200E1243B /* AuthenticationController.swift */ = {isa = PBXFileReference; lastKnownFileType = sourcecode.swift; name = AuthenticationController.swift; path = Sources/Authentication/AuthenticationController.swift; sourceTree = "<group>"; };
		417A5915204E728200E1243B /* AuthenticationControllerDelegate.swift */ = {isa = PBXFileReference; lastKnownFileType = sourcecode.swift; name = AuthenticationControllerDelegate.swift; path = Sources/Authentication/AuthenticationControllerDelegate.swift; sourceTree = "<group>"; };
		417A5917204E728200E1243B /* Authenticator.swift */ = {isa = PBXFileReference; lastKnownFileType = sourcecode.swift; name = Authenticator.swift; path = Sources/Authentication/Authenticator.swift; sourceTree = "<group>"; };
		417A591A204E728200E1243B /* AppSettings.swift */ = {isa = PBXFileReference; lastKnownFileType = sourcecode.swift; name = AppSettings.swift; path = Sources/Common/AppSettings.swift; sourceTree = "<group>"; };
		417A591C204E728200E1243B /* NSBundle+Utilities.swift */ = {isa = PBXFileReference; lastKnownFileType = sourcecode.swift; name = "NSBundle+Utilities.swift"; path = "Sources/Common/NSBundle+Utilities.swift"; sourceTree = "<group>"; };
		417A591E204E728200E1243B /* StyleKit.swift */ = {isa = PBXFileReference; lastKnownFileType = sourcecode.swift; name = StyleKit.swift; path = Sources/Common/StyleKit.swift; sourceTree = "<group>"; };
		417A5920204E728200E1243B /* UIViewController+Utilities.swift */ = {isa = PBXFileReference; lastKnownFileType = sourcecode.swift; name = "UIViewController+Utilities.swift"; path = "Sources/Common/UIViewController+Utilities.swift"; sourceTree = "<group>"; };
		417A5923204E728200E1243B /* DataSourceManager+AppSpecific.swift */ = {isa = PBXFileReference; lastKnownFileType = sourcecode.swift; name = "DataSourceManager+AppSpecific.swift"; path = "Sources/Networking/DataSourceManager+AppSpecific.swift"; sourceTree = "<group>"; };
		417A5925204E728200E1243B /* Request.swift */ = {isa = PBXFileReference; lastKnownFileType = sourcecode.swift; name = Request.swift; path = Sources/Networking/Request.swift; sourceTree = "<group>"; };
		417A5927204E728200E1243B /* LocalServer.swift */ = {isa = PBXFileReference; lastKnownFileType = sourcecode.swift; name = LocalServer.swift; path = Sources/Networking/LocalServer.swift; sourceTree = "<group>"; };
		417A592A204E728200E1243B /* AppDelegate.swift */ = {isa = PBXFileReference; lastKnownFileType = sourcecode.swift; name = AppDelegate.swift; path = Sources/Presentation/AppDelegate.swift; sourceTree = "<group>"; };
		417A592C204E728200E1243B /* ViewController.swift */ = {isa = PBXFileReference; lastKnownFileType = sourcecode.swift; name = ViewController.swift; path = Sources/Presentation/ViewController.swift; sourceTree = "<group>"; };
		417A592E204E728200E1243B /* Podfile */ = {isa = PBXFileReference; lastKnownFileType = text; name = Podfile; path = ../Podfile; sourceTree = "<group>"; xcLanguageSpecificationIdentifier = xcode.lang.ruby; };
		417A592F204E728200E1243B /* LaunchScreen.storyboard */ = {isa = PBXFileReference; lastKnownFileType = file.storyboard; name = LaunchScreen.storyboard; path = Resources/Interfaces/LaunchScreen.storyboard; sourceTree = "<group>"; };
		417A5931204E728200E1243B /* Assets.xcassets */ = {isa = PBXFileReference; lastKnownFileType = folder.assetcatalog; name = Assets.xcassets; path = Resources/Assets.xcassets; sourceTree = "<group>"; };
		417A5934204E728200E1243B /* InstanceCounter.swift */ = {isa = PBXFileReference; lastKnownFileType = sourcecode.swift; name = InstanceCounter.swift; path = Sources/InstanceCounter/InstanceCounter.swift; sourceTree = "<group>"; };
		417A5936204E728200E1243B /* Schedule+NSTimer.swift */ = {isa = PBXFileReference; lastKnownFileType = sourcecode.swift; name = "Schedule+NSTimer.swift"; path = "Sources/InstanceCounter/Schedule+NSTimer.swift"; sourceTree = "<group>"; };
		417A593C204E728200E1243B /* ISS-PassesTests.xctest */ = {isa = PBXFileReference; explicitFileType = wrapper.cfbundle; includeInIndex = 0; path = "ISS-PassesTests.xctest"; sourceTree = BUILT_PRODUCTS_DIR; };
		417A593E204E728200E1243B /* AuthenticationTests.swift */ = {isa = PBXFileReference; lastKnownFileType = sourcecode.swift; path = AuthenticationTests.swift; sourceTree = "<group>"; };
		417A5940204E728200E1243B /* NetworkingTests.swift */ = {isa = PBXFileReference; lastKnownFileType = sourcecode.swift; path = NetworkingTests.swift; sourceTree = "<group>"; };
		417A5942204E728200E1243B /* Info.plist */ = {isa = PBXFileReference; lastKnownFileType = text.plist.xml; path = Info.plist; sourceTree = "<group>"; };
		417A5947204E728200E1243B /* ISS-PassesUITests.xctest */ = {isa = PBXFileReference; explicitFileType = wrapper.cfbundle; includeInIndex = 0; path = "ISS-PassesUITests.xctest"; sourceTree = BUILT_PRODUCTS_DIR; };
		417A5949204E728200E1243B /* UITests.swift */ = {isa = PBXFileReference; lastKnownFileType = sourcecode.swift; path = UITests.swift; sourceTree = "<group>"; };
		417A594B204E728200E1243B /* Info.plist */ = {isa = PBXFileReference; lastKnownFileType = text.plist.xml; path = Info.plist; sourceTree = "<group>"; };
		417A595A204E7F5A00E1243B /* CoreLocation.framework */ = {isa = PBXFileReference; lastKnownFileType = wrapper.framework; name = CoreLocation.framework; path = System/Library/Frameworks/CoreLocation.framework; sourceTree = SDKROOT; };
		41BD2380204EBEFA00619CCF /* Pass.swift */ = {isa = PBXFileReference; lastKnownFileType = sourcecode.swift; path = Pass.swift; sourceTree = "<group>"; };
		41BD2382204ECD6900619CCF /* PassesTableviewCell.swift */ = {isa = PBXFileReference; lastKnownFileType = sourcecode.swift; name = PassesTableviewCell.swift; path = Resources/PassesTableviewCell.swift; sourceTree = "<group>"; };
		5080C5DE9B9A32D2DC6E9580 /* Pods-ISS-Passes.debug.xcconfig */ = {isa = PBXFileReference; includeInIndex = 1; lastKnownFileType = text.xcconfig; name = "Pods-ISS-Passes.debug.xcconfig"; path = "Pods/Target Support Files/Pods-ISS-Passes/Pods-ISS-Passes.debug.xcconfig"; sourceTree = "<group>"; };
		5886F22B3FC519E92C43BB1F /* Pods_ISS_PassesUITests.framework */ = {isa = PBXFileReference; explicitFileType = wrapper.framework; includeInIndex = 0; path = Pods_ISS_PassesUITests.framework; sourceTree = BUILT_PRODUCTS_DIR; };
		60F1D78AABA20A2BDE656E6F /* Pods-ISS-PassesUITests.debug.xcconfig */ = {isa = PBXFileReference; includeInIndex = 1; lastKnownFileType = text.xcconfig; name = "Pods-ISS-PassesUITests.debug.xcconfig"; path = "Pods/Target Support Files/Pods-ISS-PassesUITests/Pods-ISS-PassesUITests.debug.xcconfig"; sourceTree = "<group>"; };
		6E8F4500D223D1694F620240 /* Pods-ISS-PassesTests.debug.xcconfig */ = {isa = PBXFileReference; includeInIndex = 1; lastKnownFileType = text.xcconfig; name = "Pods-ISS-PassesTests.debug.xcconfig"; path = "Pods/Target Support Files/Pods-ISS-PassesTests/Pods-ISS-PassesTests.debug.xcconfig"; sourceTree = "<group>"; };
		81F18943E2749038246658A6 /* Pods-ISS-PassesUITests.release.xcconfig */ = {isa = PBXFileReference; includeInIndex = 1; lastKnownFileType = text.xcconfig; name = "Pods-ISS-PassesUITests.release.xcconfig"; path = "Pods/Target Support Files/Pods-ISS-PassesUITests/Pods-ISS-PassesUITests.release.xcconfig"; sourceTree = "<group>"; };
		8A7A9997EB79466C96490C7C /* Pods_ISS_PassesTests.framework */ = {isa = PBXFileReference; explicitFileType = wrapper.framework; includeInIndex = 0; path = Pods_ISS_PassesTests.framework; sourceTree = BUILT_PRODUCTS_DIR; };
		B75637A8D49BFD3B1986616E /* Pods-ISS-PassesTests.release.xcconfig */ = {isa = PBXFileReference; includeInIndex = 1; lastKnownFileType = text.xcconfig; name = "Pods-ISS-PassesTests.release.xcconfig"; path = "Pods/Target Support Files/Pods-ISS-PassesTests/Pods-ISS-PassesTests.release.xcconfig"; sourceTree = "<group>"; };
		E90BE1B6AC130D194A4C2EB0 /* Pods-ISS-Passes.release.xcconfig */ = {isa = PBXFileReference; includeInIndex = 1; lastKnownFileType = text.xcconfig; name = "Pods-ISS-Passes.release.xcconfig"; path = "Pods/Target Support Files/Pods-ISS-Passes/Pods-ISS-Passes.release.xcconfig"; sourceTree = "<group>"; };
		FCB65B3B48F66CB497BDFD40 /* Pods_ISS_Passes.framework */ = {isa = PBXFileReference; explicitFileType = wrapper.framework; includeInIndex = 0; path = Pods_ISS_Passes.framework; sourceTree = BUILT_PRODUCTS_DIR; };
/* End PBXFileReference section */

/* Begin PBXFrameworksBuildPhase section */
		417A58F4204E728100E1243B /* Frameworks */ = {
			isa = PBXFrameworksBuildPhase;
			buildActionMask = 2147483647;
			files = (
				413EE1FC204E8DF000A90825 /* CoreLocation.framework in Frameworks */,
				417A58FB204E728200E1243B /* UIKit.framework in Frameworks */,
				11EB46134C6F89EAAFBB2147 /* Pods_ISS_Passes.framework in Frameworks */,
			);
			runOnlyForDeploymentPostprocessing = 0;
		};
		417A5939204E728200E1243B /* Frameworks */ = {
			isa = PBXFrameworksBuildPhase;
			buildActionMask = 2147483647;
			files = (
				41A63863051887354A0F85A8 /* Pods_ISS_PassesTests.framework in Frameworks */,
			);
			runOnlyForDeploymentPostprocessing = 0;
		};
		417A5944204E728200E1243B /* Frameworks */ = {
			isa = PBXFrameworksBuildPhase;
			buildActionMask = 2147483647;
			files = (
				C3D561BDEEC27A675C8BDEAD /* Pods_ISS_PassesUITests.framework in Frameworks */,
			);
			runOnlyForDeploymentPostprocessing = 0;
		};
/* End PBXFrameworksBuildPhase section */

/* Begin PBXGroup section */
		0083DEF215E508996A9BEFE1 /* Pods */ = {
			isa = PBXGroup;
			children = (
				5080C5DE9B9A32D2DC6E9580 /* Pods-ISS-Passes.debug.xcconfig */,
				E90BE1B6AC130D194A4C2EB0 /* Pods-ISS-Passes.release.xcconfig */,
				6E8F4500D223D1694F620240 /* Pods-ISS-PassesTests.debug.xcconfig */,
				B75637A8D49BFD3B1986616E /* Pods-ISS-PassesTests.release.xcconfig */,
				60F1D78AABA20A2BDE656E6F /* Pods-ISS-PassesUITests.debug.xcconfig */,
				81F18943E2749038246658A6 /* Pods-ISS-PassesUITests.release.xcconfig */,
			);
			name = Pods;
			sourceTree = "<group>";
		};
		417A58EE204E728100E1243B = {
			isa = PBXGroup;
			children = (
				417A58FE204E728200E1243B /* ISS-Passes */,
				417A593D204E728200E1243B /* ISS-PassesTests */,
				417A5948204E728200E1243B /* ISS-PassesUITests */,
				417A58F9204E728200E1243B /* Frameworks */,
				417A58F8204E728200E1243B /* Products */,
				0083DEF215E508996A9BEFE1 /* Pods */,
			);
			sourceTree = "<group>";
		};
		417A58F8204E728200E1243B /* Products */ = {
			isa = PBXGroup;
			children = (
				417A58F7204E728200E1243B /* ISS-Passes.app */,
				417A593C204E728200E1243B /* ISS-PassesTests.xctest */,
				417A5947204E728200E1243B /* ISS-PassesUITests.xctest */,
			);
			name = Products;
			sourceTree = "<group>";
		};
		417A58F9204E728200E1243B /* Frameworks */ = {
			isa = PBXGroup;
			children = (
				417A595A204E7F5A00E1243B /* CoreLocation.framework */,
				417A58FA204E728200E1243B /* UIKit.framework */,
				FCB65B3B48F66CB497BDFD40 /* Pods_ISS_Passes.framework */,
				8A7A9997EB79466C96490C7C /* Pods_ISS_PassesTests.framework */,
				5886F22B3FC519E92C43BB1F /* Pods_ISS_PassesUITests.framework */,
			);
			name = Frameworks;
			sourceTree = "<group>";
		};
		417A58FE204E728200E1243B /* ISS-Passes */ = {
			isa = PBXGroup;
			children = (
				417A58FF204E728200E1243B /* .gitignore */,
				417A592E204E728200E1243B /* Podfile */,
				417A5900204E728200E1243B /* Resources */,
				417A590F204E728200E1243B /* Sources */,
			);
			path = "ISS-Passes";
			sourceTree = "<group>";
		};
		417A5900204E728200E1243B /* Resources */ = {
			isa = PBXGroup;
			children = (
				417A5931204E728200E1243B /* Assets.xcassets */,
				417A5901204E728200E1243B /* Language */,
				417A5906204E728200E1243B /* Interfaces */,
				417A5909204E728200E1243B /* Supporting Files */,
			);
			name = Resources;
			sourceTree = "<group>";
		};
		417A5901204E728200E1243B /* Language */ = {
			isa = PBXGroup;
			children = (
				417A5902204E728200E1243B /* Localizable.strings */,
			);
			name = Language;
			sourceTree = "<group>";
		};
		417A5906204E728200E1243B /* Interfaces */ = {
			isa = PBXGroup;
			children = (
				417A5907204E728200E1243B /* Main.storyboard */,
				417A592F204E728200E1243B /* LaunchScreen.storyboard */,
			);
			name = Interfaces;
			sourceTree = "<group>";
		};
		417A5909204E728200E1243B /* Supporting Files */ = {
			isa = PBXGroup;
			children = (
				417A590A204E728200E1243B /* Info.plist */,
				417A590B204E728200E1243B /* Settings.bundle */,
				417A590D204E728200E1243B /* authentication.json */,
			);
			name = "Supporting Files";
			sourceTree = "<group>";
		};
		417A590F204E728200E1243B /* Sources */ = {
			isa = PBXGroup;
			children = (
				41BD237F204EBEED00619CCF /* Model */,
				417A5910204E728200E1243B /* Authentication */,
				417A5919204E728200E1243B /* Common */,
				417A5922204E728200E1243B /* Networking */,
				417A5929204E728200E1243B /* Presentation */,
				417A5933204E728200E1243B /* InstanceCounter */,
			);
			name = Sources;
			sourceTree = "<group>";
		};
		417A5910204E728200E1243B /* Authentication */ = {
			isa = PBXGroup;
			children = (
				417A5911204E728200E1243B /* Authentication+Utilities.swift */,
				417A5913204E728200E1243B /* AuthenticationController.swift */,
				417A5915204E728200E1243B /* AuthenticationControllerDelegate.swift */,
				417A5917204E728200E1243B /* Authenticator.swift */,
			);
			name = Authentication;
			sourceTree = "<group>";
		};
		417A5919204E728200E1243B /* Common */ = {
			isa = PBXGroup;
			children = (
				417A591A204E728200E1243B /* AppSettings.swift */,
				417A591C204E728200E1243B /* NSBundle+Utilities.swift */,
				417A591E204E728200E1243B /* StyleKit.swift */,
				417A5920204E728200E1243B /* UIViewController+Utilities.swift */,
			);
			name = Common;
			sourceTree = "<group>";
		};
		417A5922204E728200E1243B /* Networking */ = {
			isa = PBXGroup;
			children = (
				417A5923204E728200E1243B /* DataSourceManager+AppSpecific.swift */,
				417A5925204E728200E1243B /* Request.swift */,
				417A5927204E728200E1243B /* LocalServer.swift */,
			);
			name = Networking;
			sourceTree = "<group>";
		};
		417A5929204E728200E1243B /* Presentation */ = {
			isa = PBXGroup;
			children = (
				417A592A204E728200E1243B /* AppDelegate.swift */,
				417A592C204E728200E1243B /* ViewController.swift */,
				41BD2382204ECD6900619CCF /* PassesTableviewCell.swift */,
			);
			name = Presentation;
			sourceTree = "<group>";
		};
		417A5933204E728200E1243B /* InstanceCounter */ = {
			isa = PBXGroup;
			children = (
				417A5934204E728200E1243B /* InstanceCounter.swift */,
				417A5936204E728200E1243B /* Schedule+NSTimer.swift */,
			);
			name = InstanceCounter;
			sourceTree = "<group>";
		};
		417A593D204E728200E1243B /* ISS-PassesTests */ = {
			isa = PBXGroup;
			children = (
				417A593E204E728200E1243B /* AuthenticationTests.swift */,
				417A5940204E728200E1243B /* NetworkingTests.swift */,
				417A5942204E728200E1243B /* Info.plist */,
			);
			path = "ISS-PassesTests";
			sourceTree = "<group>";
		};
		417A5948204E728200E1243B /* ISS-PassesUITests */ = {
			isa = PBXGroup;
			children = (
				417A5949204E728200E1243B /* UITests.swift */,
				417A594B204E728200E1243B /* Info.plist */,
			);
			path = "ISS-PassesUITests";
			sourceTree = "<group>";
		};
		41BD237F204EBEED00619CCF /* Model */ = {
			isa = PBXGroup;
			children = (
				41BD2380204EBEFA00619CCF /* Pass.swift */,
			);
			name = Model;
			sourceTree = "<group>";
		};
/* End PBXGroup section */

/* Begin PBXNativeTarget section */
		417A58F6204E728100E1243B /* ISS-Passes */ = {
			isa = PBXNativeTarget;
			buildConfigurationList = 417A594E204E728200E1243B /* Build configuration list for PBXNativeTarget "ISS-Passes" */;
			buildPhases = (
				A09150C2223684EC97001DB5 /* [CP] Check Pods Manifest.lock */,
				417A58F3204E728100E1243B /* Sources */,
				417A58F4204E728100E1243B /* Frameworks */,
				417A58F5204E728100E1243B /* Resources */,
				CAFA6C26729B05092B8E42D0 /* [CP] Embed Pods Frameworks */,
				314059D0DEBF540AA4A733BF /* [CP] Copy Pods Resources */,
			);
			buildRules = (
			);
			dependencies = (
			);
			name = "ISS-Passes";
			productName = "ISS-Passes";
			productReference = 417A58F7204E728200E1243B /* ISS-Passes.app */;
			productType = "com.apple.product-type.application";
		};
		417A593B204E728200E1243B /* ISS-PassesTests */ = {
			isa = PBXNativeTarget;
			buildConfigurationList = 417A5954204E728200E1243B /* Build configuration list for PBXNativeTarget "ISS-PassesTests" */;
			buildPhases = (
				F1318F96550494CBC611795B /* [CP] Check Pods Manifest.lock */,
				417A5938204E728200E1243B /* Sources */,
				417A5939204E728200E1243B /* Frameworks */,
				417A593A204E728200E1243B /* Resources */,
				8250C832ADBB1A3D73C403B3 /* [CP] Embed Pods Frameworks */,
				A4ECBC455B7F2EF1125E096D /* [CP] Copy Pods Resources */,
			);
			buildRules = (
			);
			dependencies = (
			);
			name = "ISS-PassesTests";
			productName = "ISS-PassesTests";
			productReference = 417A593C204E728200E1243B /* ISS-PassesTests.xctest */;
			productType = "com.apple.product-type.bundle.unit-test";
		};
		417A5946204E728200E1243B /* ISS-PassesUITests */ = {
			isa = PBXNativeTarget;
			buildConfigurationList = 417A5957204E728200E1243B /* Build configuration list for PBXNativeTarget "ISS-PassesUITests" */;
			buildPhases = (
				D0B65C0E96E3D19E786E48FA /* [CP] Check Pods Manifest.lock */,
				417A5943204E728200E1243B /* Sources */,
				417A5944204E728200E1243B /* Frameworks */,
				417A5945204E728200E1243B /* Resources */,
				C6AA39E5FF5B16C982E6E3F0 /* [CP] Embed Pods Frameworks */,
				58A35497127B8200037E4BCC /* [CP] Copy Pods Resources */,
			);
			buildRules = (
			);
			dependencies = (
			);
			name = "ISS-PassesUITests";
			productName = "ISS-PassesUITests";
			productReference = 417A5947204E728200E1243B /* ISS-PassesUITests.xctest */;
			productType = "com.apple.product-type.bundle.ui-testing";
		};
/* End PBXNativeTarget section */

/* Begin PBXProject section */
		417A58EF204E728100E1243B /* Project object */ = {
			isa = PBXProject;
			attributes = {
				LastSwiftUpdateCheck = 0920;
				LastUpgradeCheck = 0920;
				ORGANIZATIONNAME = IBM;
				TargetAttributes = {
					417A58F6204E728100E1243B = {
						CreatedOnToolsVersion = 9.2;
						ProvisioningStyle = Automatic;
					};
					417A58FD204E728200E1243B = {
						CreatedOnToolsVersion = 9.2;
						ProvisioningStyle = Automatic;
					};
					417A593B204E728200E1243B = {
						CreatedOnToolsVersion = 9.2;
						ProvisioningStyle = Automatic;
					};
					417A5946204E728200E1243B = {
						CreatedOnToolsVersion = 9.2;
						ProvisioningStyle = Automatic;
					};
				};
			};
			buildConfigurationList = 417A58F2204E728100E1243B /* Build configuration list for PBXProject "ISS-Passes" */;
			compatibilityVersion = "Xcode 8.0";
			developmentRegion = en;
			hasScannedForEncodings = 0;
			knownRegions = (
				en,
				pt,
			);
			mainGroup = 417A58EE204E728100E1243B;
			productRefGroup = 417A58F8204E728200E1243B /* Products */;
			projectDirPath = "";
			projectRoot = "";
			targets = (
				417A58F6204E728100E1243B /* ISS-Passes */,
				417A58FD204E728200E1243B /* SwiftLint */,
				417A593B204E728200E1243B /* ISS-PassesTests */,
				417A5946204E728200E1243B /* ISS-PassesUITests */,
			);
		};
/* End PBXProject section */

/* Begin PBXResourcesBuildPhase section */
		417A58F5204E728100E1243B /* Resources */ = {
			isa = PBXResourcesBuildPhase;
			buildActionMask = 2147483647;
			files = (
				417A5904204E728200E1243B /* Localizable.strings in Resources */,
				417A590C204E728200E1243B /* Settings.bundle in Resources */,
				417A5908204E728200E1243B /* Main.storyboard in Resources */,
				417A5930204E728200E1243B /* LaunchScreen.storyboard in Resources */,
				417A5932204E728200E1243B /* Assets.xcassets in Resources */,
				417A590E204E728200E1243B /* authentication.json in Resources */,
			);
			runOnlyForDeploymentPostprocessing = 0;
		};
		417A593A204E728200E1243B /* Resources */ = {
			isa = PBXResourcesBuildPhase;
			buildActionMask = 2147483647;
			files = (
			);
			runOnlyForDeploymentPostprocessing = 0;
		};
		417A5945204E728200E1243B /* Resources */ = {
			isa = PBXResourcesBuildPhase;
			buildActionMask = 2147483647;
			files = (
			);
			runOnlyForDeploymentPostprocessing = 0;
		};
/* End PBXResourcesBuildPhase section */

/* Begin PBXShellScriptBuildPhase section */
		314059D0DEBF540AA4A733BF /* [CP] Copy Pods Resources */ = {
			isa = PBXShellScriptBuildPhase;
			buildActionMask = 2147483647;
			files = (
			);
			inputPaths = (
			);
			name = "[CP] Copy Pods Resources";
			outputPaths = (
			);
			runOnlyForDeploymentPostprocessing = 0;
			shellPath = /bin/sh;
			shellScript = "\"${SRCROOT}/Pods/Target Support Files/Pods-ISS-Passes/Pods-ISS-Passes-resources.sh\"\n";
			showEnvVarsInLog = 0;
		};
		417A58FC204E728200E1243B /* ShellScript */ = {
			isa = PBXShellScriptBuildPhase;
			buildActionMask = 2147483647;
			files = (
			);
			inputPaths = (
			);
			outputPaths = (
			);
			runOnlyForDeploymentPostprocessing = 0;
			shellPath = /bin/sh;
			shellScript = "######################\n# SwiftLint\n######################\n\nif which swiftlint >/dev/null; then\nswiftlint\nelse\necho \"Warning: SwiftLint was not installed correctly\"\nfi";
		};
		58A35497127B8200037E4BCC /* [CP] Copy Pods Resources */ = {
			isa = PBXShellScriptBuildPhase;
			buildActionMask = 2147483647;
			files = (
			);
			inputPaths = (
			);
			name = "[CP] Copy Pods Resources";
			outputPaths = (
			);
			runOnlyForDeploymentPostprocessing = 0;
			shellPath = /bin/sh;
			shellScript = "\"${SRCROOT}/Pods/Target Support Files/Pods-ISS-PassesUITests/Pods-ISS-PassesUITests-resources.sh\"\n";
			showEnvVarsInLog = 0;
		};
		8250C832ADBB1A3D73C403B3 /* [CP] Embed Pods Frameworks */ = {
			isa = PBXShellScriptBuildPhase;
			buildActionMask = 2147483647;
			files = (
			);
			inputPaths = (
				"${SRCROOT}/Pods/Target Support Files/Pods-ISS-PassesTests/Pods-ISS-PassesTests-frameworks.sh",
				"${BUILT_PRODUCTS_DIR}/AKKeychain-iOS11.2/AKKeychain.framework",
				"${BUILT_PRODUCTS_DIR}/AKLogger-iOS11.2/AKLogger.framework",
				"${BUILT_PRODUCTS_DIR}/AKLogin-iOS11.2/AKLogin.framework",
				"${BUILT_PRODUCTS_DIR}/AKNetworking-iOS11.2/AKNetworking.framework",
			);
			name = "[CP] Embed Pods Frameworks";
			outputPaths = (
				"${TARGET_BUILD_DIR}/${FRAMEWORKS_FOLDER_PATH}/AKKeychain.framework",
				"${TARGET_BUILD_DIR}/${FRAMEWORKS_FOLDER_PATH}/AKLogger.framework",
				"${TARGET_BUILD_DIR}/${FRAMEWORKS_FOLDER_PATH}/AKLogin.framework",
				"${TARGET_BUILD_DIR}/${FRAMEWORKS_FOLDER_PATH}/AKNetworking.framework",
			);
			runOnlyForDeploymentPostprocessing = 0;
			shellPath = /bin/sh;
			shellScript = "\"${SRCROOT}/Pods/Target Support Files/Pods-ISS-PassesTests/Pods-ISS-PassesTests-frameworks.sh\"\n";
			showEnvVarsInLog = 0;
		};
		A09150C2223684EC97001DB5 /* [CP] Check Pods Manifest.lock */ = {
			isa = PBXShellScriptBuildPhase;
			buildActionMask = 2147483647;
			files = (
			);
			inputPaths = (
				"${PODS_PODFILE_DIR_PATH}/Podfile.lock",
				"${PODS_ROOT}/Manifest.lock",
			);
			name = "[CP] Check Pods Manifest.lock";
			outputPaths = (
				"$(DERIVED_FILE_DIR)/Pods-ISS-Passes-checkManifestLockResult.txt",
			);
			runOnlyForDeploymentPostprocessing = 0;
			shellPath = /bin/sh;
			shellScript = "diff \"${PODS_PODFILE_DIR_PATH}/Podfile.lock\" \"${PODS_ROOT}/Manifest.lock\" > /dev/null\nif [ $? != 0 ] ; then\n    # print error to STDERR\n    echo \"error: The sandbox is not in sync with the Podfile.lock. Run 'pod install' or update your CocoaPods installation.\" >&2\n    exit 1\nfi\n# This output is used by Xcode 'outputs' to avoid re-running this script phase.\necho \"SUCCESS\" > \"${SCRIPT_OUTPUT_FILE_0}\"\n";
			showEnvVarsInLog = 0;
		};
		A4ECBC455B7F2EF1125E096D /* [CP] Copy Pods Resources */ = {
			isa = PBXShellScriptBuildPhase;
			buildActionMask = 2147483647;
			files = (
			);
			inputPaths = (
			);
			name = "[CP] Copy Pods Resources";
			outputPaths = (
			);
			runOnlyForDeploymentPostprocessing = 0;
			shellPath = /bin/sh;
			shellScript = "\"${SRCROOT}/Pods/Target Support Files/Pods-ISS-PassesTests/Pods-ISS-PassesTests-resources.sh\"\n";
			showEnvVarsInLog = 0;
		};
		C6AA39E5FF5B16C982E6E3F0 /* [CP] Embed Pods Frameworks */ = {
			isa = PBXShellScriptBuildPhase;
			buildActionMask = 2147483647;
			files = (
			);
			inputPaths = (
				"${SRCROOT}/Pods/Target Support Files/Pods-ISS-PassesUITests/Pods-ISS-PassesUITests-frameworks.sh",
				"${BUILT_PRODUCTS_DIR}/AKKeychain-iOS11.2/AKKeychain.framework",
				"${BUILT_PRODUCTS_DIR}/AKLogger-iOS11.2/AKLogger.framework",
				"${BUILT_PRODUCTS_DIR}/AKLogin-iOS11.2/AKLogin.framework",
				"${BUILT_PRODUCTS_DIR}/AKNetworking-iOS11.2/AKNetworking.framework",
			);
			name = "[CP] Embed Pods Frameworks";
			outputPaths = (
				"${TARGET_BUILD_DIR}/${FRAMEWORKS_FOLDER_PATH}/AKKeychain.framework",
				"${TARGET_BUILD_DIR}/${FRAMEWORKS_FOLDER_PATH}/AKLogger.framework",
				"${TARGET_BUILD_DIR}/${FRAMEWORKS_FOLDER_PATH}/AKLogin.framework",
				"${TARGET_BUILD_DIR}/${FRAMEWORKS_FOLDER_PATH}/AKNetworking.framework",
			);
			runOnlyForDeploymentPostprocessing = 0;
			shellPath = /bin/sh;
			shellScript = "\"${SRCROOT}/Pods/Target Support Files/Pods-ISS-PassesUITests/Pods-ISS-PassesUITests-frameworks.sh\"\n";
			showEnvVarsInLog = 0;
		};
		CAFA6C26729B05092B8E42D0 /* [CP] Embed Pods Frameworks */ = {
			isa = PBXShellScriptBuildPhase;
			buildActionMask = 2147483647;
			files = (
			);
			inputPaths = (
				"${SRCROOT}/Pods/Target Support Files/Pods-ISS-Passes/Pods-ISS-Passes-frameworks.sh",
				"${BUILT_PRODUCTS_DIR}/AKKeychain-iOS8.0/AKKeychain.framework",
				"${BUILT_PRODUCTS_DIR}/AKLogger-iOS8.0/AKLogger.framework",
				"${BUILT_PRODUCTS_DIR}/AKLogin-iOS8.0/AKLogin.framework",
				"${BUILT_PRODUCTS_DIR}/AKNetworking-iOS8.0/AKNetworking.framework",
			);
			name = "[CP] Embed Pods Frameworks";
			outputPaths = (
				"${TARGET_BUILD_DIR}/${FRAMEWORKS_FOLDER_PATH}/AKKeychain.framework",
				"${TARGET_BUILD_DIR}/${FRAMEWORKS_FOLDER_PATH}/AKLogger.framework",
				"${TARGET_BUILD_DIR}/${FRAMEWORKS_FOLDER_PATH}/AKLogin.framework",
				"${TARGET_BUILD_DIR}/${FRAMEWORKS_FOLDER_PATH}/AKNetworking.framework",
			);
			runOnlyForDeploymentPostprocessing = 0;
			shellPath = /bin/sh;
			shellScript = "\"${SRCROOT}/Pods/Target Support Files/Pods-ISS-Passes/Pods-ISS-Passes-frameworks.sh\"\n";
			showEnvVarsInLog = 0;
		};
		D0B65C0E96E3D19E786E48FA /* [CP] Check Pods Manifest.lock */ = {
			isa = PBXShellScriptBuildPhase;
			buildActionMask = 2147483647;
			files = (
			);
			inputPaths = (
				"${PODS_PODFILE_DIR_PATH}/Podfile.lock",
				"${PODS_ROOT}/Manifest.lock",
			);
			name = "[CP] Check Pods Manifest.lock";
			outputPaths = (
				"$(DERIVED_FILE_DIR)/Pods-ISS-PassesUITests-checkManifestLockResult.txt",
			);
			runOnlyForDeploymentPostprocessing = 0;
			shellPath = /bin/sh;
			shellScript = "diff \"${PODS_PODFILE_DIR_PATH}/Podfile.lock\" \"${PODS_ROOT}/Manifest.lock\" > /dev/null\nif [ $? != 0 ] ; then\n    # print error to STDERR\n    echo \"error: The sandbox is not in sync with the Podfile.lock. Run 'pod install' or update your CocoaPods installation.\" >&2\n    exit 1\nfi\n# This output is used by Xcode 'outputs' to avoid re-running this script phase.\necho \"SUCCESS\" > \"${SCRIPT_OUTPUT_FILE_0}\"\n";
			showEnvVarsInLog = 0;
		};
		F1318F96550494CBC611795B /* [CP] Check Pods Manifest.lock */ = {
			isa = PBXShellScriptBuildPhase;
			buildActionMask = 2147483647;
			files = (
			);
			inputPaths = (
				"${PODS_PODFILE_DIR_PATH}/Podfile.lock",
				"${PODS_ROOT}/Manifest.lock",
			);
			name = "[CP] Check Pods Manifest.lock";
			outputPaths = (
				"$(DERIVED_FILE_DIR)/Pods-ISS-PassesTests-checkManifestLockResult.txt",
			);
			runOnlyForDeploymentPostprocessing = 0;
			shellPath = /bin/sh;
			shellScript = "diff \"${PODS_PODFILE_DIR_PATH}/Podfile.lock\" \"${PODS_ROOT}/Manifest.lock\" > /dev/null\nif [ $? != 0 ] ; then\n    # print error to STDERR\n    echo \"error: The sandbox is not in sync with the Podfile.lock. Run 'pod install' or update your CocoaPods installation.\" >&2\n    exit 1\nfi\n# This output is used by Xcode 'outputs' to avoid re-running this script phase.\necho \"SUCCESS\" > \"${SCRIPT_OUTPUT_FILE_0}\"\n";
			showEnvVarsInLog = 0;
		};
/* End PBXShellScriptBuildPhase section */

/* Begin PBXSourcesBuildPhase section */
		417A58F3204E728100E1243B /* Sources */ = {
			isa = PBXSourcesBuildPhase;
			buildActionMask = 2147483647;
			files = (
				417A5937204E728200E1243B /* Schedule+NSTimer.swift in Sources */,
				417A592B204E728200E1243B /* AppDelegate.swift in Sources */,
				417A591F204E728200E1243B /* StyleKit.swift in Sources */,
				417A5916204E728200E1243B /* AuthenticationControllerDelegate.swift in Sources */,
				417A5924204E728200E1243B /* DataSourceManager+AppSpecific.swift in Sources */,
				417A591D204E728200E1243B /* NSBundle+Utilities.swift in Sources */,
				417A5918204E728200E1243B /* Authenticator.swift in Sources */,
				417A5912204E728200E1243B /* Authentication+Utilities.swift in Sources */,
				417A591B204E728200E1243B /* AppSettings.swift in Sources */,
				417A592D204E728200E1243B /* ViewController.swift in Sources */,
				417A5926204E728200E1243B /* Request.swift in Sources */,
				417A5921204E728200E1243B /* UIViewController+Utilities.swift in Sources */,
				41BD2381204EBEFA00619CCF /* Pass.swift in Sources */,
				417A5928204E728200E1243B /* LocalServer.swift in Sources */,
				417A5914204E728200E1243B /* AuthenticationController.swift in Sources */,
				417A5935204E728200E1243B /* InstanceCounter.swift in Sources */,
				41BD2383204ECD6900619CCF /* PassesTableviewCell.swift in Sources */,
			);
			runOnlyForDeploymentPostprocessing = 0;
		};
		417A5938204E728200E1243B /* Sources */ = {
			isa = PBXSourcesBuildPhase;
			buildActionMask = 2147483647;
			files = (
				417A593F204E728200E1243B /* AuthenticationTests.swift in Sources */,
				417A5941204E728200E1243B /* NetworkingTests.swift in Sources */,
			);
			runOnlyForDeploymentPostprocessing = 0;
		};
		417A5943204E728200E1243B /* Sources */ = {
			isa = PBXSourcesBuildPhase;
			buildActionMask = 2147483647;
			files = (
				417A594A204E728200E1243B /* UITests.swift in Sources */,
			);
			runOnlyForDeploymentPostprocessing = 0;
		};
/* End PBXSourcesBuildPhase section */

/* Begin PBXVariantGroup section */
		417A5902204E728200E1243B /* Localizable.strings */ = {
			isa = PBXVariantGroup;
			children = (
				417A5903204E728200E1243B /* en */,
				417A5905204E728200E1243B /* pt */,
			);
			name = Localizable.strings;
			sourceTree = "<group>";
		};
/* End PBXVariantGroup section */

/* Begin XCBuildConfiguration section */
		417A594C204E728200E1243B /* Debug */ = {
			isa = XCBuildConfiguration;
			buildSettings = {
				"CODE_SIGN_IDENTITY[sdk=iphoneos*]" = "iPhone Developer";
				GCC_C_LANGUAGE_STANDARD = gnu99;
				GCC_OPTIMIZATION_LEVEL = 0;
				GCC_PREPROCESSOR_DEFINITIONS = DEBUG;
				GCC_SYMBOLS_PRIVATE_EXTERN = NO;
				GCC_THUMB_SUPPORT = YES;
				GCC_VERSION = com.apple.compilers.llvm.clang.1_0;
				GCC_WARN_ABOUT_RETURN_TYPE = YES;
				GCC_WARN_UNUSED_VARIABLE = YES;
				IPHONEOS_DEPLOYMENT_TARGET = 8.0;
				ONLY_ACTIVE_ARCH = YES;
				SDKROOT = iphoneos;
				TARGETED_DEVICE_FAMILY = 1;
			};
			name = Debug;
		};
		417A594D204E728200E1243B /* Release */ = {
			isa = XCBuildConfiguration;
			buildSettings = {
				"CODE_SIGN_IDENTITY[sdk=iphoneos*]" = "iPhone Developer";
				GCC_C_LANGUAGE_STANDARD = gnu99;
				GCC_THUMB_SUPPORT = YES;
				GCC_VERSION = com.apple.compilers.llvm.clang.1_0;
				GCC_WARN_ABOUT_RETURN_TYPE = YES;
				GCC_WARN_UNUSED_VARIABLE = YES;
				IPHONEOS_DEPLOYMENT_TARGET = 8.0;
				ONLY_ACTIVE_ARCH = NO;
				OTHER_CFLAGS = "-DNS_BLOCK_ASSERTIONS=1";
				SDKROOT = iphoneos;
				TARGETED_DEVICE_FAMILY = 1;
			};
			name = Release;
		};
		417A594F204E728200E1243B /* Debug */ = {
			isa = XCBuildConfiguration;
			baseConfigurationReference = 5080C5DE9B9A32D2DC6E9580 /* Pods-ISS-Passes.debug.xcconfig */;
			buildSettings = {
				ASSETCATALOG_COMPILER_APPICON_NAME = AppIcon;
				ASSETCATALOG_COMPILER_LAUNCHIMAGE_NAME = LaunchImage;
				CODE_SIGN_STYLE = Automatic;
				COPY_PHASE_STRIP = NO;
				GCC_DYNAMIC_NO_PIC = NO;
				INFOPLIST_FILE = "$(PROJECT)/Resources/Supporting Files/Info.plist";
				LD_RUNPATH_SEARCH_PATHS = "$(inherited) @executable_path/Frameworks @loader_path/Frameworks";
				PRODUCT_NAME = "$(TARGET_NAME)";
				SWIFT_VERSION = 3.0.1;
			};
			name = Debug;
		};
		417A5950204E728200E1243B /* Release */ = {
			isa = XCBuildConfiguration;
			baseConfigurationReference = E90BE1B6AC130D194A4C2EB0 /* Pods-ISS-Passes.release.xcconfig */;
			buildSettings = {
				ASSETCATALOG_COMPILER_APPICON_NAME = AppIcon;
				ASSETCATALOG_COMPILER_LAUNCHIMAGE_NAME = LaunchImage;
				CODE_SIGN_STYLE = Automatic;
				COPY_PHASE_STRIP = YES;
				INFOPLIST_FILE = "$(PROJECT)/Resources/Supporting Files/Info.plist";
				LD_RUNPATH_SEARCH_PATHS = "$(inherited) @executable_path/Frameworks @loader_path/Frameworks";
				PRODUCT_NAME = "$(TARGET_NAME)";
				SWIFT_VERSION = 3.0.1;
				VALIDATE_PRODUCT = YES;
			};
			name = Release;
		};
		417A5952204E728200E1243B /* Debug */ = {
			isa = XCBuildConfiguration;
			buildSettings = {
				CODE_SIGN_STYLE = Automatic;
				PRODUCT_NAME = SwiftLint;
			};
			name = Debug;
		};
		417A5953204E728200E1243B /* Release */ = {
			isa = XCBuildConfiguration;
			buildSettings = {
				CODE_SIGN_STYLE = Automatic;
				PRODUCT_NAME = SwiftLint;
			};
			name = Release;
		};
		417A5955204E728200E1243B /* Debug */ = {
			isa = XCBuildConfiguration;
			baseConfigurationReference = 6E8F4500D223D1694F620240 /* Pods-ISS-PassesTests.debug.xcconfig */;
			buildSettings = {
				ALWAYS_SEARCH_USER_PATHS = NO;
				CLANG_ANALYZER_NONNULL = YES;
				CLANG_ANALYZER_NUMBER_OBJECT_CONVERSION = YES_AGGRESSIVE;
				CLANG_CXX_LANGUAGE_STANDARD = "gnu++14";
				CLANG_CXX_LIBRARY = "libc++";
				CLANG_ENABLE_MODULES = YES;
				CLANG_ENABLE_OBJC_ARC = YES;
				CLANG_WARN_BLOCK_CAPTURE_AUTORELEASING = YES;
				CLANG_WARN_BOOL_CONVERSION = YES;
				CLANG_WARN_COMMA = YES;
				CLANG_WARN_CONSTANT_CONVERSION = YES;
				CLANG_WARN_DIRECT_OBJC_ISA_USAGE = YES_ERROR;
				CLANG_WARN_DOCUMENTATION_COMMENTS = YES;
				CLANG_WARN_EMPTY_BODY = YES;
				CLANG_WARN_ENUM_CONVERSION = YES;
				CLANG_WARN_INFINITE_RECURSION = YES;
				CLANG_WARN_INT_CONVERSION = YES;
				CLANG_WARN_NON_LITERAL_NULL_CONVERSION = YES;
				CLANG_WARN_OBJC_LITERAL_CONVERSION = YES;
				CLANG_WARN_OBJC_ROOT_CLASS = YES_ERROR;
				CLANG_WARN_RANGE_LOOP_ANALYSIS = YES;
				CLANG_WARN_STRICT_PROTOTYPES = YES;
				CLANG_WARN_SUSPICIOUS_MOVE = YES;
				CLANG_WARN_UNGUARDED_AVAILABILITY = YES_AGGRESSIVE;
				CLANG_WARN_UNREACHABLE_CODE = YES;
				CLANG_WARN__DUPLICATE_METHOD_MATCH = YES;
				CODE_SIGN_IDENTITY = "iPhone Developer";
				CODE_SIGN_STYLE = Automatic;
				COPY_PHASE_STRIP = NO;
				DEBUG_INFORMATION_FORMAT = dwarf;
				ENABLE_STRICT_OBJC_MSGSEND = YES;
				ENABLE_TESTABILITY = YES;
				GCC_C_LANGUAGE_STANDARD = gnu11;
				GCC_DYNAMIC_NO_PIC = NO;
				GCC_NO_COMMON_BLOCKS = YES;
				GCC_PREPROCESSOR_DEFINITIONS = (
					"DEBUG=1",
					"$(inherited)",
				);
				GCC_WARN_64_TO_32_BIT_CONVERSION = YES;
				GCC_WARN_ABOUT_RETURN_TYPE = YES_ERROR;
				GCC_WARN_UNDECLARED_SELECTOR = YES;
				GCC_WARN_UNINITIALIZED_AUTOS = YES_AGGRESSIVE;
				GCC_WARN_UNUSED_FUNCTION = YES;
				INFOPLIST_FILE = "ISS-PassesTests/Info.plist";
				IPHONEOS_DEPLOYMENT_TARGET = 11.2;
				LD_RUNPATH_SEARCH_PATHS = "$(inherited) @executable_path/Frameworks @loader_path/Frameworks";
				MTL_ENABLE_DEBUG_INFO = YES;
				PRODUCT_BUNDLE_IDENTIFIER = "com.ibm.ISS-PassesTests";
				PRODUCT_NAME = "$(TARGET_NAME)";
				TARGETED_DEVICE_FAMILY = "1,2";
			};
			name = Debug;
		};
		417A5956204E728200E1243B /* Release */ = {
			isa = XCBuildConfiguration;
			baseConfigurationReference = B75637A8D49BFD3B1986616E /* Pods-ISS-PassesTests.release.xcconfig */;
			buildSettings = {
				ALWAYS_SEARCH_USER_PATHS = NO;
				CLANG_ANALYZER_NONNULL = YES;
				CLANG_ANALYZER_NUMBER_OBJECT_CONVERSION = YES_AGGRESSIVE;
				CLANG_CXX_LANGUAGE_STANDARD = "gnu++14";
				CLANG_CXX_LIBRARY = "libc++";
				CLANG_ENABLE_MODULES = YES;
				CLANG_ENABLE_OBJC_ARC = YES;
				CLANG_WARN_BLOCK_CAPTURE_AUTORELEASING = YES;
				CLANG_WARN_BOOL_CONVERSION = YES;
				CLANG_WARN_COMMA = YES;
				CLANG_WARN_CONSTANT_CONVERSION = YES;
				CLANG_WARN_DIRECT_OBJC_ISA_USAGE = YES_ERROR;
				CLANG_WARN_DOCUMENTATION_COMMENTS = YES;
				CLANG_WARN_EMPTY_BODY = YES;
				CLANG_WARN_ENUM_CONVERSION = YES;
				CLANG_WARN_INFINITE_RECURSION = YES;
				CLANG_WARN_INT_CONVERSION = YES;
				CLANG_WARN_NON_LITERAL_NULL_CONVERSION = YES;
				CLANG_WARN_OBJC_LITERAL_CONVERSION = YES;
				CLANG_WARN_OBJC_ROOT_CLASS = YES_ERROR;
				CLANG_WARN_RANGE_LOOP_ANALYSIS = YES;
				CLANG_WARN_STRICT_PROTOTYPES = YES;
				CLANG_WARN_SUSPICIOUS_MOVE = YES;
				CLANG_WARN_UNGUARDED_AVAILABILITY = YES_AGGRESSIVE;
				CLANG_WARN_UNREACHABLE_CODE = YES;
				CLANG_WARN__DUPLICATE_METHOD_MATCH = YES;
				CODE_SIGN_IDENTITY = "iPhone Developer";
				CODE_SIGN_STYLE = Automatic;
				COPY_PHASE_STRIP = NO;
				DEBUG_INFORMATION_FORMAT = "dwarf-with-dsym";
				ENABLE_NS_ASSERTIONS = NO;
				ENABLE_STRICT_OBJC_MSGSEND = YES;
				GCC_C_LANGUAGE_STANDARD = gnu11;
				GCC_NO_COMMON_BLOCKS = YES;
				GCC_WARN_64_TO_32_BIT_CONVERSION = YES;
				GCC_WARN_ABOUT_RETURN_TYPE = YES_ERROR;
				GCC_WARN_UNDECLARED_SELECTOR = YES;
				GCC_WARN_UNINITIALIZED_AUTOS = YES_AGGRESSIVE;
				GCC_WARN_UNUSED_FUNCTION = YES;
				INFOPLIST_FILE = "ISS-PassesTests/Info.plist";
				IPHONEOS_DEPLOYMENT_TARGET = 11.2;
				LD_RUNPATH_SEARCH_PATHS = "$(inherited) @executable_path/Frameworks @loader_path/Frameworks";
				MTL_ENABLE_DEBUG_INFO = NO;
				PRODUCT_BUNDLE_IDENTIFIER = "com.ibm.ISS-PassesTests";
				PRODUCT_NAME = "$(TARGET_NAME)";
				TARGETED_DEVICE_FAMILY = "1,2";
				VALIDATE_PRODUCT = YES;
			};
			name = Release;
		};
		417A5958204E728200E1243B /* Debug */ = {
			isa = XCBuildConfiguration;
			baseConfigurationReference = 60F1D78AABA20A2BDE656E6F /* Pods-ISS-PassesUITests.debug.xcconfig */;
			buildSettings = {
				ALWAYS_SEARCH_USER_PATHS = NO;
				CLANG_ANALYZER_NONNULL = YES;
				CLANG_ANALYZER_NUMBER_OBJECT_CONVERSION = YES_AGGRESSIVE;
				CLANG_CXX_LANGUAGE_STANDARD = "gnu++14";
				CLANG_CXX_LIBRARY = "libc++";
				CLANG_ENABLE_MODULES = YES;
				CLANG_ENABLE_OBJC_ARC = YES;
				CLANG_WARN_BLOCK_CAPTURE_AUTORELEASING = YES;
				CLANG_WARN_BOOL_CONVERSION = YES;
				CLANG_WARN_COMMA = YES;
				CLANG_WARN_CONSTANT_CONVERSION = YES;
				CLANG_WARN_DIRECT_OBJC_ISA_USAGE = YES_ERROR;
				CLANG_WARN_DOCUMENTATION_COMMENTS = YES;
				CLANG_WARN_EMPTY_BODY = YES;
				CLANG_WARN_ENUM_CONVERSION = YES;
				CLANG_WARN_INFINITE_RECURSION = YES;
				CLANG_WARN_INT_CONVERSION = YES;
				CLANG_WARN_NON_LITERAL_NULL_CONVERSION = YES;
				CLANG_WARN_OBJC_LITERAL_CONVERSION = YES;
				CLANG_WARN_OBJC_ROOT_CLASS = YES_ERROR;
				CLANG_WARN_RANGE_LOOP_ANALYSIS = YES;
				CLANG_WARN_STRICT_PROTOTYPES = YES;
				CLANG_WARN_SUSPICIOUS_MOVE = YES;
				CLANG_WARN_UNGUARDED_AVAILABILITY = YES_AGGRESSIVE;
				CLANG_WARN_UNREACHABLE_CODE = YES;
				CLANG_WARN__DUPLICATE_METHOD_MATCH = YES;
				CODE_SIGN_IDENTITY = "iPhone Developer";
				CODE_SIGN_STYLE = Automatic;
				COPY_PHASE_STRIP = NO;
				DEBUG_INFORMATION_FORMAT = dwarf;
				ENABLE_STRICT_OBJC_MSGSEND = YES;
				ENABLE_TESTABILITY = YES;
				GCC_C_LANGUAGE_STANDARD = gnu11;
				GCC_DYNAMIC_NO_PIC = NO;
				GCC_NO_COMMON_BLOCKS = YES;
				GCC_PREPROCESSOR_DEFINITIONS = (
					"DEBUG=1",
					"$(inherited)",
				);
				GCC_WARN_64_TO_32_BIT_CONVERSION = YES;
				GCC_WARN_ABOUT_RETURN_TYPE = YES_ERROR;
				GCC_WARN_UNDECLARED_SELECTOR = YES;
				GCC_WARN_UNINITIALIZED_AUTOS = YES_AGGRESSIVE;
				GCC_WARN_UNUSED_FUNCTION = YES;
				INFOPLIST_FILE = "ISS-PassesUITests/Info.plist";
				IPHONEOS_DEPLOYMENT_TARGET = 11.2;
				LD_RUNPATH_SEARCH_PATHS = "$(inherited) @executable_path/Frameworks @loader_path/Frameworks";
				MTL_ENABLE_DEBUG_INFO = YES;
				PRODUCT_BUNDLE_IDENTIFIER = "com.ibm.ISS-PassesUITests";
				PRODUCT_NAME = "$(TARGET_NAME)";
				TARGETED_DEVICE_FAMILY = "1,2";
			};
			name = Debug;
		};
		417A5959204E728200E1243B /* Release */ = {
			isa = XCBuildConfiguration;
			baseConfigurationReference = 81F18943E2749038246658A6 /* Pods-ISS-PassesUITests.release.xcconfig */;
			buildSettings = {
				ALWAYS_SEARCH_USER_PATHS = NO;
				CLANG_ANALYZER_NONNULL = YES;
				CLANG_ANALYZER_NUMBER_OBJECT_CONVERSION = YES_AGGRESSIVE;
				CLANG_CXX_LANGUAGE_STANDARD = "gnu++14";
				CLANG_CXX_LIBRARY = "libc++";
				CLANG_ENABLE_MODULES = YES;
				CLANG_ENABLE_OBJC_ARC = YES;
				CLANG_WARN_BLOCK_CAPTURE_AUTORELEASING = YES;
				CLANG_WARN_BOOL_CONVERSION = YES;
				CLANG_WARN_COMMA = YES;
				CLANG_WARN_CONSTANT_CONVERSION = YES;
				CLANG_WARN_DIRECT_OBJC_ISA_USAGE = YES_ERROR;
				CLANG_WARN_DOCUMENTATION_COMMENTS = YES;
				CLANG_WARN_EMPTY_BODY = YES;
				CLANG_WARN_ENUM_CONVERSION = YES;
				CLANG_WARN_INFINITE_RECURSION = YES;
				CLANG_WARN_INT_CONVERSION = YES;
				CLANG_WARN_NON_LITERAL_NULL_CONVERSION = YES;
				CLANG_WARN_OBJC_LITERAL_CONVERSION = YES;
				CLANG_WARN_OBJC_ROOT_CLASS = YES_ERROR;
				CLANG_WARN_RANGE_LOOP_ANALYSIS = YES;
				CLANG_WARN_STRICT_PROTOTYPES = YES;
				CLANG_WARN_SUSPICIOUS_MOVE = YES;
				CLANG_WARN_UNGUARDED_AVAILABILITY = YES_AGGRESSIVE;
				CLANG_WARN_UNREACHABLE_CODE = YES;
				CLANG_WARN__DUPLICATE_METHOD_MATCH = YES;
				CODE_SIGN_IDENTITY = "iPhone Developer";
				CODE_SIGN_STYLE = Automatic;
				COPY_PHASE_STRIP = NO;
				DEBUG_INFORMATION_FORMAT = "dwarf-with-dsym";
				ENABLE_NS_ASSERTIONS = NO;
				ENABLE_STRICT_OBJC_MSGSEND = YES;
				GCC_C_LANGUAGE_STANDARD = gnu11;
				GCC_NO_COMMON_BLOCKS = YES;
				GCC_WARN_64_TO_32_BIT_CONVERSION = YES;
				GCC_WARN_ABOUT_RETURN_TYPE = YES_ERROR;
				GCC_WARN_UNDECLARED_SELECTOR = YES;
				GCC_WARN_UNINITIALIZED_AUTOS = YES_AGGRESSIVE;
				GCC_WARN_UNUSED_FUNCTION = YES;
				INFOPLIST_FILE = "ISS-PassesUITests/Info.plist";
				IPHONEOS_DEPLOYMENT_TARGET = 11.2;
				LD_RUNPATH_SEARCH_PATHS = "$(inherited) @executable_path/Frameworks @loader_path/Frameworks";
				MTL_ENABLE_DEBUG_INFO = NO;
				PRODUCT_BUNDLE_IDENTIFIER = "com.ibm.ISS-PassesUITests";
				PRODUCT_NAME = "$(TARGET_NAME)";
				TARGETED_DEVICE_FAMILY = "1,2";
				VALIDATE_PRODUCT = YES;
			};
			name = Release;
		};
/* End XCBuildConfiguration section */

/* Begin XCConfigurationList section */
		417A58F2204E728100E1243B /* Build configuration list for PBXProject "ISS-Passes" */ = {
			isa = XCConfigurationList;
			buildConfigurations = (
				417A594C204E728200E1243B /* Debug */,
				417A594D204E728200E1243B /* Release */,
			);
			defaultConfigurationIsVisible = 0;
			defaultConfigurationName = Release;
		};
		417A594E204E728200E1243B /* Build configuration list for PBXNativeTarget "ISS-Passes" */ = {
			isa = XCConfigurationList;
			buildConfigurations = (
				417A594F204E728200E1243B /* Debug */,
				417A5950204E728200E1243B /* Release */,
			);
			defaultConfigurationIsVisible = 0;
			defaultConfigurationName = Release;
		};
		417A5951204E728200E1243B /* Build configuration list for PBXAggregateTarget "SwiftLint" */ = {
			isa = XCConfigurationList;
			buildConfigurations = (
				417A5952204E728200E1243B /* Debug */,
				417A5953204E728200E1243B /* Release */,
			);
			defaultConfigurationIsVisible = 0;
			defaultConfigurationName = Release;
		};
		417A5954204E728200E1243B /* Build configuration list for PBXNativeTarget "ISS-PassesTests" */ = {
			isa = XCConfigurationList;
			buildConfigurations = (
				417A5955204E728200E1243B /* Debug */,
				417A5956204E728200E1243B /* Release */,
			);
			defaultConfigurationIsVisible = 0;
			defaultConfigurationName = Release;
		};
		417A5957204E728200E1243B /* Build configuration list for PBXNativeTarget "ISS-PassesUITests" */ = {
			isa = XCConfigurationList;
			buildConfigurations = (
				417A5958204E728200E1243B /* Debug */,
				417A5959204E728200E1243B /* Release */,
			);
			defaultConfigurationIsVisible = 0;
			defaultConfigurationName = Release;
		};
/* End XCConfigurationList section */
	};
	rootObject = 417A58EF204E728100E1243B /* Project object */;
}
